{
  "name": "crypto-portfolio-tracker",
  "version": "1.0.0",
  "lockfileVersion": 3,
  "requires": true,
  "packages": {
    "": {
      "name": "crypto-portfolio-tracker",
      "version": "1.0.0",
      "dependencies": {
        "cors": "^2.8.5",
        "ethers": "^6.13.2",
        "express": "^4.19.2"
      }
    }
  }
}